
Microsoft Visual Studio Solution File, Format Version 12.00
# Visual Studio 15
VisualStudioVersion = 15.0.28010.2046
MinimumVisualStudioVersion = 10.0.40219.1
Project("{FAE04EC0-301F-11D3-BF4B-00C04F79EFBC}") = "LambdaTextExpression", "LambdaTextExpression\LambdaTextExpression.csproj", "{8ABDE182-1D47-4331-8B59-F865E5E0B590}"
EndProject
Project("{FAE04EC0-301F-11D3-BF4B-00C04F79EFBC}") = "LambdaTextExpressionTests", "LambdaTextExpressionTests\LambdaTextExpressionTests.csproj", "{1AE9C7D3-9962-4DE8-A9EA-654AA9F942FC}"
EndProject
Global
	GlobalSection(SolutionConfigurationPlatforms) = preSolution
		Debug|Any CPU = Debug|Any CPU
		Release|Any CPU = Release|Any CPU
	EndGlobalSection
	GlobalSection(ProjectConfigurationPlatforms) = postSolution
		{8ABDE182-1D47-4331-8B59-F865E5E0B590}.Debug|Any CPU.ActiveCfg = Debug|Any CPU
		{8ABDE182-1D47-4331-8B59-F865E5E0B590}.Debug|Any CPU.Build.0 = Debug|Any CPU
		{8ABDE182-1D47-4331-8B59-F865E5E0B590}.Release|Any CPU.ActiveCfg = Release|Any CPU
		{8ABDE182-1D47-4331-8B59-F865E5E0B590}.Release|Any CPU.Build.0 = Release|Any CPU
		{1AE9C7D3-9962-4DE8-A9EA-654AA9F942FC}.Debug|Any CPU.ActiveCfg = Debug|Any CPU
		{1AE9C7D3-9962-4DE8-A9EA-654AA9F942FC}.Debug|Any CPU.Build.0 = Debug|Any CPU
		{1AE9C7D3-9962-4DE8-A9EA-654AA9F942FC}.Release|Any CPU.ActiveCfg = Release|Any CPU
		{1AE9C7D3-9962-4DE8-A9EA-654AA9F942FC}.Release|Any CPU.Build.0 = Release|Any CPU
	EndGlobalSection
	GlobalSection(SolutionProperties) = preSolution
		HideSolutionNode = FALSE
	EndGlobalSection
	GlobalSection(ExtensibilityGlobals) = postSolution
		SolutionGuid = {CF557C48-4095-4C1D-AB85-CEDEDC3B62CE}
	EndGlobalSection
EndGlobal
